
Microsoft Visual Studio Solution File, Format Version 12.00
# Visual Studio Version 16
VisualStudioVersion = 16.0.30717.126
MinimumVisualStudioVersion = 10.0.40219.1
Project("{9A19103F-16F7-4668-BE54-9A1E7A4F7556}") = "SVTracker", "SVTracker.Bot\SVTracker.csproj", "{697A399C-9FB7-43D0-BF6A-9539AB5C4E1E}"
EndProject
Global
	GlobalSection(SolutionConfigurationPlatforms) = preSolution
		Debug|Any CPU = Debug|Any CPU
		Release|Any CPU = Release|Any CPU
	EndGlobalSection
	GlobalSection(ProjectConfigurationPlatforms) = postSolution
		{697A399C-9FB7-43D0-BF6A-9539AB5C4E1E}.Debug|Any CPU.ActiveCfg = Debug|Any CPU
		{697A399C-9FB7-43D0-BF6A-9539AB5C4E1E}.Debug|Any CPU.Build.0 = Debug|Any CPU
		{697A399C-9FB7-43D0-BF6A-9539AB5C4E1E}.Release|Any CPU.ActiveCfg = Release|Any CPU
		{697A399C-9FB7-43D0-BF6A-9539AB5C4E1E}.Release|Any CPU.Build.0 = Release|Any CPU
	EndGlobalSection
	GlobalSection(SolutionProperties) = preSolution
		HideSolutionNode = FALSE
	EndGlobalSection
	GlobalSection(ExtensibilityGlobals) = postSolution
		SolutionGuid = {9B8CAD43-5860-473D-81FF-9206BE00B438}
	EndGlobalSection
EndGlobal
